// !$*UTF8*$!
{
	archiveVersion = 1;
	classes = {
	};
	objectVersion = 50;
	objects = {

/* Begin PBXBuildFile section */
		F2582123258A5AC400B0C68D /* AppDelegate.swift in Sources */ = {isa = PBXBuildFile; fileRef = F2582122258A5AC400B0C68D /* AppDelegate.swift */; };
		F2582125258A5AC400B0C68D /* SceneDelegate.swift in Sources */ = {isa = PBXBuildFile; fileRef = F2582124258A5AC400B0C68D /* SceneDelegate.swift */; };
		F258212C258A5AC700B0C68D /* Assets.xcassets in Resources */ = {isa = PBXBuildFile; fileRef = F258212B258A5AC700B0C68D /* Assets.xcassets */; };
		F258212F258A5AC700B0C68D /* LaunchScreen.storyboard in Resources */ = {isa = PBXBuildFile; fileRef = F258212D258A5AC700B0C68D /* LaunchScreen.storyboard */; };
		F258213A258A5AC700B0C68D /* TradeRev_MovieDBTests.swift in Sources */ = {isa = PBXBuildFile; fileRef = F2582139258A5AC700B0C68D /* TradeRev_MovieDBTests.swift */; };
		F2582145258A5AC700B0C68D /* TradeRev_MovieDBUITests.swift in Sources */ = {isa = PBXBuildFile; fileRef = F2582144258A5AC700B0C68D /* TradeRev_MovieDBUITests.swift */; };
		F2582157258A5B5400B0C68D /* Movies.swift in Sources */ = {isa = PBXBuildFile; fileRef = F2582156258A5B5400B0C68D /* Movies.swift */; };
		F258215B258A5B5F00B0C68D /* Movies.swift in Sources */ = {isa = PBXBuildFile; fileRef = F2582156258A5B5400B0C68D /* Movies.swift */; };
		F2582160258A5CAA00B0C68D /* MovieTest.json in Resources */ = {isa = PBXBuildFile; fileRef = F258215F258A5CAA00B0C68D /* MovieTest.json */; };
		F2582165258A5CB900B0C68D /* MovieDetailsTest.json in Resources */ = {isa = PBXBuildFile; fileRef = F2582164258A5CB900B0C68D /* MovieDetailsTest.json */; };
		F2BFB754258A671600EA2448 /* MoviesViewController.swift in Sources */ = {isa = PBXBuildFile; fileRef = F2BFB752258A671600EA2448 /* MoviesViewController.swift */; };
		F2BFB755258A671600EA2448 /* MoviesViewController.xib in Resources */ = {isa = PBXBuildFile; fileRef = F2BFB753258A671600EA2448 /* MoviesViewController.xib */; };
		F2BFB75C258A699B00EA2448 /* MovieCollectionViewCell.swift in Sources */ = {isa = PBXBuildFile; fileRef = F2BFB75A258A699B00EA2448 /* MovieCollectionViewCell.swift */; };
		F2BFB75D258A699B00EA2448 /* MovieCollectionViewCell.xib in Resources */ = {isa = PBXBuildFile; fileRef = F2BFB75B258A699B00EA2448 /* MovieCollectionViewCell.xib */; };
		F2BFB762258A75BC00EA2448 /* CardView.swift in Sources */ = {isa = PBXBuildFile; fileRef = F2BFB761258A75BC00EA2448 /* CardView.swift */; };
		F2BFB768258A778700EA2448 /* UIImageView+Cache.swift in Sources */ = {isa = PBXBuildFile; fileRef = F2BFB767258A778700EA2448 /* UIImageView+Cache.swift */; };
		F2BFB770258A7A6C00EA2448 /* RoundedTopImageView.swift in Sources */ = {isa = PBXBuildFile; fileRef = F2BFB76F258A7A6C00EA2448 /* RoundedTopImageView.swift */; };
		F2BFB776258A7BB100EA2448 /* MovieDetailsViewController.swift in Sources */ = {isa = PBXBuildFile; fileRef = F2BFB774258A7BB100EA2448 /* MovieDetailsViewController.swift */; };
		F2BFB777258A7BB100EA2448 /* MovieDetailsViewController.xib in Resources */ = {isa = PBXBuildFile; fileRef = F2BFB775258A7BB100EA2448 /* MovieDetailsViewController.xib */; };
		F2BFB78C258A847400EA2448 /* Box.swift in Sources */ = {isa = PBXBuildFile; fileRef = F2BFB78B258A847400EA2448 /* Box.swift */; };
		F2BFB791258A853800EA2448 /* MoviesService.swift in Sources */ = {isa = PBXBuildFile; fileRef = F2BFB790258A853800EA2448 /* MoviesService.swift */; };
		F2BFB796258A866600EA2448 /* MoviesViewModel.swift in Sources */ = {isa = PBXBuildFile; fileRef = F2BFB795258A866600EA2448 /* MoviesViewModel.swift */; };
		F2BFB79B258A8B5500EA2448 /* MovieDetailsViewModel.swift in Sources */ = {isa = PBXBuildFile; fileRef = F2BFB79A258A8B5500EA2448 /* MovieDetailsViewModel.swift */; };
/* End PBXBuildFile section */

/* Begin PBXContainerItemProxy section */
		F2582136258A5AC700B0C68D /* PBXContainerItemProxy */ = {
			isa = PBXContainerItemProxy;
			containerPortal = F2582117258A5AC400B0C68D /* Project object */;
			proxyType = 1;
			remoteGlobalIDString = F258211E258A5AC400B0C68D;
			remoteInfo = "TradeRev MovieDB";
		};
		F2582141258A5AC700B0C68D /* PBXContainerItemProxy */ = {
			isa = PBXContainerItemProxy;
			containerPortal = F2582117258A5AC400B0C68D /* Project object */;
			proxyType = 1;
			remoteGlobalIDString = F258211E258A5AC400B0C68D;
			remoteInfo = "TradeRev MovieDB";
		};
/* End PBXContainerItemProxy section */

/* Begin PBXFileReference section */
		F258211F258A5AC400B0C68D /* TradeRev MovieDB.app */ = {isa = PBXFileReference; explicitFileType = wrapper.application; includeInIndex = 0; path = "TradeRev MovieDB.app"; sourceTree = BUILT_PRODUCTS_DIR; };
		F2582122258A5AC400B0C68D /* AppDelegate.swift */ = {isa = PBXFileReference; lastKnownFileType = sourcecode.swift; path = AppDelegate.swift; sourceTree = "<group>"; };
		F2582124258A5AC400B0C68D /* SceneDelegate.swift */ = {isa = PBXFileReference; lastKnownFileType = sourcecode.swift; path = SceneDelegate.swift; sourceTree = "<group>"; };
		F258212B258A5AC700B0C68D /* Assets.xcassets */ = {isa = PBXFileReference; lastKnownFileType = folder.assetcatalog; path = Assets.xcassets; sourceTree = "<group>"; };
		F258212E258A5AC700B0C68D /* Base */ = {isa = PBXFileReference; lastKnownFileType = file.storyboard; name = Base; path = Base.lproj/LaunchScreen.storyboard; sourceTree = "<group>"; };
		F2582130258A5AC700B0C68D /* Info.plist */ = {isa = PBXFileReference; lastKnownFileType = text.plist.xml; path = Info.plist; sourceTree = "<group>"; };
		F2582135258A5AC700B0C68D /* TradeRev MovieDBTests.xctest */ = {isa = PBXFileReference; explicitFileType = wrapper.cfbundle; includeInIndex = 0; path = "TradeRev MovieDBTests.xctest"; sourceTree = BUILT_PRODUCTS_DIR; };
		F2582139258A5AC700B0C68D /* TradeRev_MovieDBTests.swift */ = {isa = PBXFileReference; lastKnownFileType = sourcecode.swift; path = TradeRev_MovieDBTests.swift; sourceTree = "<group>"; };
		F258213B258A5AC700B0C68D /* Info.plist */ = {isa = PBXFileReference; lastKnownFileType = text.plist.xml; path = Info.plist; sourceTree = "<group>"; };
		F2582140258A5AC700B0C68D /* TradeRev MovieDBUITests.xctest */ = {isa = PBXFileReference; explicitFileType = wrapper.cfbundle; includeInIndex = 0; path = "TradeRev MovieDBUITests.xctest"; sourceTree = BUILT_PRODUCTS_DIR; };
		F2582144258A5AC700B0C68D /* TradeRev_MovieDBUITests.swift */ = {isa = PBXFileReference; lastKnownFileType = sourcecode.swift; path = TradeRev_MovieDBUITests.swift; sourceTree = "<group>"; };
		F2582146258A5AC700B0C68D /* Info.plist */ = {isa = PBXFileReference; lastKnownFileType = text.plist.xml; path = Info.plist; sourceTree = "<group>"; };
		F2582156258A5B5400B0C68D /* Movies.swift */ = {isa = PBXFileReference; lastKnownFileType = sourcecode.swift; path = Movies.swift; sourceTree = "<group>"; };
		F258215F258A5CAA00B0C68D /* MovieTest.json */ = {isa = PBXFileReference; lastKnownFileType = text.json; path = MovieTest.json; sourceTree = "<group>"; };
		F2582164258A5CB900B0C68D /* MovieDetailsTest.json */ = {isa = PBXFileReference; lastKnownFileType = text.json; path = MovieDetailsTest.json; sourceTree = "<group>"; };
		F2BFB752258A671600EA2448 /* MoviesViewController.swift */ = {isa = PBXFileReference; lastKnownFileType = sourcecode.swift; path = MoviesViewController.swift; sourceTree = "<group>"; };
		F2BFB753258A671600EA2448 /* MoviesViewController.xib */ = {isa = PBXFileReference; lastKnownFileType = file.xib; path = MoviesViewController.xib; sourceTree = "<group>"; };
		F2BFB75A258A699B00EA2448 /* MovieCollectionViewCell.swift */ = {isa = PBXFileReference; lastKnownFileType = sourcecode.swift; path = MovieCollectionViewCell.swift; sourceTree = "<group>"; };
		F2BFB75B258A699B00EA2448 /* MovieCollectionViewCell.xib */ = {isa = PBXFileReference; lastKnownFileType = file.xib; path = MovieCollectionViewCell.xib; sourceTree = "<group>"; };
		F2BFB761258A75BC00EA2448 /* CardView.swift */ = {isa = PBXFileReference; lastKnownFileType = sourcecode.swift; path = CardView.swift; sourceTree = "<group>"; };
		F2BFB767258A778700EA2448 /* UIImageView+Cache.swift */ = {isa = PBXFileReference; lastKnownFileType = sourcecode.swift; path = "UIImageView+Cache.swift"; sourceTree = "<group>"; };
		F2BFB76F258A7A6C00EA2448 /* RoundedTopImageView.swift */ = {isa = PBXFileReference; lastKnownFileType = sourcecode.swift; path = RoundedTopImageView.swift; sourceTree = "<group>"; };
		F2BFB774258A7BB100EA2448 /* MovieDetailsViewController.swift */ = {isa = PBXFileReference; lastKnownFileType = sourcecode.swift; path = MovieDetailsViewController.swift; sourceTree = "<group>"; };
		F2BFB775258A7BB100EA2448 /* MovieDetailsViewController.xib */ = {isa = PBXFileReference; lastKnownFileType = file.xib; path = MovieDetailsViewController.xib; sourceTree = "<group>"; };
		F2BFB78B258A847400EA2448 /* Box.swift */ = {isa = PBXFileReference; lastKnownFileType = sourcecode.swift; path = Box.swift; sourceTree = "<group>"; };
		F2BFB790258A853800EA2448 /* MoviesService.swift */ = {isa = PBXFileReference; lastKnownFileType = sourcecode.swift; path = MoviesService.swift; sourceTree = "<group>"; };
		F2BFB795258A866600EA2448 /* MoviesViewModel.swift */ = {isa = PBXFileReference; lastKnownFileType = sourcecode.swift; name = MoviesViewModel.swift; path = ../../../../Downloads/MoviesViewModel.swift; sourceTree = "<group>"; };
		F2BFB79A258A8B5500EA2448 /* MovieDetailsViewModel.swift */ = {isa = PBXFileReference; lastKnownFileType = sourcecode.swift; path = MovieDetailsViewModel.swift; sourceTree = "<group>"; };
/* End PBXFileReference section */

/* Begin PBXFrameworksBuildPhase section */
		F258211C258A5AC400B0C68D /* Frameworks */ = {
			isa = PBXFrameworksBuildPhase;
			buildActionMask = 2147483647;
			files = (
			);
			runOnlyForDeploymentPostprocessing = 0;
		};
		F2582132258A5AC700B0C68D /* Frameworks */ = {
			isa = PBXFrameworksBuildPhase;
			buildActionMask = 2147483647;
			files = (
			);
			runOnlyForDeploymentPostprocessing = 0;
		};
		F258213D258A5AC700B0C68D /* Frameworks */ = {
			isa = PBXFrameworksBuildPhase;
			buildActionMask = 2147483647;
			files = (
			);
			runOnlyForDeploymentPostprocessing = 0;
		};
/* End PBXFrameworksBuildPhase section */

/* Begin PBXGroup section */
		F2582116258A5AC400B0C68D = {
			isa = PBXGroup;
			children = (
				F2582121258A5AC400B0C68D /* TradeRev MovieDB */,
				F2582138258A5AC700B0C68D /* TradeRev MovieDBTests */,
				F2582143258A5AC700B0C68D /* TradeRev MovieDBUITests */,
				F2582120258A5AC400B0C68D /* Products */,
			);
			sourceTree = "<group>";
		};
		F2582120258A5AC400B0C68D /* Products */ = {
			isa = PBXGroup;
			children = (
				F258211F258A5AC400B0C68D /* TradeRev MovieDB.app */,
				F2582135258A5AC700B0C68D /* TradeRev MovieDBTests.xctest */,
				F2582140258A5AC700B0C68D /* TradeRev MovieDBUITests.xctest */,
			);
			name = Products;
			sourceTree = "<group>";
		};
		F2582121258A5AC400B0C68D /* TradeRev MovieDB */ = {
			isa = PBXGroup;
			children = (
				F2BFB78A258A846A00EA2448 /* Utils */,
				F2BFB766258A776900EA2448 /* Extensions */,
				F2582169258A62BD00B0C68D /* App */,
				F2582155258A5B2B00B0C68D /* Models */,
				F258216F258A636100B0C68D /* Controllers */,
				F258216D258A634000B0C68D /* Services */,
				F258216E258A634500B0C68D /* ViewModels */,
				F2BFB759258A698000EA2448 /* Views */,
				F258212B258A5AC700B0C68D /* Assets.xcassets */,
				F258212D258A5AC700B0C68D /* LaunchScreen.storyboard */,
				F2582130258A5AC700B0C68D /* Info.plist */,
			);
			path = "TradeRev MovieDB";
			sourceTree = "<group>";
		};
		F2582138258A5AC700B0C68D /* TradeRev MovieDBTests */ = {
			isa = PBXGroup;
			children = (
				F2582139258A5AC700B0C68D /* TradeRev_MovieDBTests.swift */,
				F258213B258A5AC700B0C68D /* Info.plist */,
				F258215F258A5CAA00B0C68D /* MovieTest.json */,
				F2582164258A5CB900B0C68D /* MovieDetailsTest.json */,
			);
			path = "TradeRev MovieDBTests";
			sourceTree = "<group>";
		};
		F2582143258A5AC700B0C68D /* TradeRev MovieDBUITests */ = {
			isa = PBXGroup;
			children = (
				F2582144258A5AC700B0C68D /* TradeRev_MovieDBUITests.swift */,
				F2582146258A5AC700B0C68D /* Info.plist */,
			);
			path = "TradeRev MovieDBUITests";
			sourceTree = "<group>";
		};
		F2582155258A5B2B00B0C68D /* Models */ = {
			isa = PBXGroup;
			children = (
				F2582156258A5B5400B0C68D /* Movies.swift */,
			);
			path = Models;
			sourceTree = "<group>";
		};
		F2582169258A62BD00B0C68D /* App */ = {
			isa = PBXGroup;
			children = (
				F2582122258A5AC400B0C68D /* AppDelegate.swift */,
				F2582124258A5AC400B0C68D /* SceneDelegate.swift */,
			);
			path = App;
			sourceTree = "<group>";
		};
		F258216D258A634000B0C68D /* Services */ = {
			isa = PBXGroup;
			children = (
				F2BFB790258A853800EA2448 /* MoviesService.swift */,
			);
			path = Services;
			sourceTree = "<group>";
		};
		F258216E258A634500B0C68D /* ViewModels */ = {
			isa = PBXGroup;
			children = (
				F2BFB795258A866600EA2448 /* MoviesViewModel.swift */,
				F2BFB79A258A8B5500EA2448 /* MovieDetailsViewModel.swift */,
			);
			path = ViewModels;
			sourceTree = "<group>";
		};
		F258216F258A636100B0C68D /* Controllers */ = {
			isa = PBXGroup;
			children = (
				F2BFB752258A671600EA2448 /* MoviesViewController.swift */,
				F2BFB753258A671600EA2448 /* MoviesViewController.xib */,
				F2BFB774258A7BB100EA2448 /* MovieDetailsViewController.swift */,
				F2BFB775258A7BB100EA2448 /* MovieDetailsViewController.xib */,
			);
			path = Controllers;
			sourceTree = "<group>";
		};
		F2BFB759258A698000EA2448 /* Views */ = {
			isa = PBXGroup;
			children = (
				F2BFB75A258A699B00EA2448 /* MovieCollectionViewCell.swift */,
				F2BFB75B258A699B00EA2448 /* MovieCollectionViewCell.xib */,
				F2BFB761258A75BC00EA2448 /* CardView.swift */,
				F2BFB76F258A7A6C00EA2448 /* RoundedTopImageView.swift */,
			);
			path = Views;
			sourceTree = "<group>";
		};
		F2BFB766258A776900EA2448 /* Extensions */ = {
			isa = PBXGroup;
			children = (
				F2BFB767258A778700EA2448 /* UIImageView+Cache.swift */,
			);
			path = Extensions;
			sourceTree = "<group>";
		};
		F2BFB78A258A846A00EA2448 /* Utils */ = {
			isa = PBXGroup;
			children = (
				F2BFB78B258A847400EA2448 /* Box.swift */,
			);
			path = Utils;
			sourceTree = "<group>";
		};
/* End PBXGroup section */

/* Begin PBXNativeTarget section */
		F258211E258A5AC400B0C68D /* TradeRev MovieDB */ = {
			isa = PBXNativeTarget;
			buildConfigurationList = F2582149258A5AC700B0C68D /* Build configuration list for PBXNativeTarget "TradeRev MovieDB" */;
			buildPhases = (
				F258211B258A5AC400B0C68D /* Sources */,
				F258211C258A5AC400B0C68D /* Frameworks */,
				F258211D258A5AC400B0C68D /* Resources */,
			);
			buildRules = (
			);
			dependencies = (
			);
			name = "TradeRev MovieDB";
			productName = "TradeRev MovieDB";
			productReference = F258211F258A5AC400B0C68D /* TradeRev MovieDB.app */;
			productType = "com.apple.product-type.application";
		};
		F2582134258A5AC700B0C68D /* TradeRev MovieDBTests */ = {
			isa = PBXNativeTarget;
			buildConfigurationList = F258214C258A5AC700B0C68D /* Build configuration list for PBXNativeTarget "TradeRev MovieDBTests" */;
			buildPhases = (
				F2582131258A5AC700B0C68D /* Sources */,
				F2582132258A5AC700B0C68D /* Frameworks */,
				F2582133258A5AC700B0C68D /* Resources */,
			);
			buildRules = (
			);
			dependencies = (
				F2582137258A5AC700B0C68D /* PBXTargetDependency */,
			);
			name = "TradeRev MovieDBTests";
			productName = "TradeRev MovieDBTests";
			productReference = F2582135258A5AC700B0C68D /* TradeRev MovieDBTests.xctest */;
			productType = "com.apple.product-type.bundle.unit-test";
		};
		F258213F258A5AC700B0C68D /* TradeRev MovieDBUITests */ = {
			isa = PBXNativeTarget;
			buildConfigurationList = F258214F258A5AC700B0C68D /* Build configuration list for PBXNativeTarget "TradeRev MovieDBUITests" */;
			buildPhases = (
				F258213C258A5AC700B0C68D /* Sources */,
				F258213D258A5AC700B0C68D /* Frameworks */,
				F258213E258A5AC700B0C68D /* Resources */,
			);
			buildRules = (
			);
			dependencies = (
				F2582142258A5AC700B0C68D /* PBXTargetDependency */,
			);
			name = "TradeRev MovieDBUITests";
			productName = "TradeRev MovieDBUITests";
			productReference = F2582140258A5AC700B0C68D /* TradeRev MovieDBUITests.xctest */;
			productType = "com.apple.product-type.bundle.ui-testing";
		};
/* End PBXNativeTarget section */

/* Begin PBXProject section */
		F2582117258A5AC400B0C68D /* Project object */ = {
			isa = PBXProject;
			attributes = {
				LastSwiftUpdateCheck = 1220;
				LastUpgradeCheck = 1220;
				TargetAttributes = {
					F258211E258A5AC400B0C68D = {
						CreatedOnToolsVersion = 12.2;
					};
					F2582134258A5AC700B0C68D = {
						CreatedOnToolsVersion = 12.2;
						TestTargetID = F258211E258A5AC400B0C68D;
					};
					F258213F258A5AC700B0C68D = {
						CreatedOnToolsVersion = 12.2;
						TestTargetID = F258211E258A5AC400B0C68D;
					};
				};
			};
			buildConfigurationList = F258211A258A5AC400B0C68D /* Build configuration list for PBXProject "TradeRev MovieDB" */;
			compatibilityVersion = "Xcode 9.3";
			developmentRegion = en;
			hasScannedForEncodings = 0;
			knownRegions = (
				en,
				Base,
			);
			mainGroup = F2582116258A5AC400B0C68D;
			productRefGroup = F2582120258A5AC400B0C68D /* Products */;
			projectDirPath = "";
			projectRoot = "";
			targets = (
				F258211E258A5AC400B0C68D /* TradeRev MovieDB */,
				F2582134258A5AC700B0C68D /* TradeRev MovieDBTests */,
				F258213F258A5AC700B0C68D /* TradeRev MovieDBUITests */,
			);
		};
/* End PBXProject section */

/* Begin PBXResourcesBuildPhase section */
		F258211D258A5AC400B0C68D /* Resources */ = {
			isa = PBXResourcesBuildPhase;
			buildActionMask = 2147483647;
			files = (
				F258212F258A5AC700B0C68D /* LaunchScreen.storyboard in Resources */,
				F2BFB755258A671600EA2448 /* MoviesViewController.xib in Resources */,
				F258212C258A5AC700B0C68D /* Assets.xcassets in Resources */,
				F2BFB75D258A699B00EA2448 /* MovieCollectionViewCell.xib in Resources */,
				F2BFB777258A7BB100EA2448 /* MovieDetailsViewController.xib in Resources */,
			);
			runOnlyForDeploymentPostprocessing = 0;
		};
		F2582133258A5AC700B0C68D /* Resources */ = {
			isa = PBXResourcesBuildPhase;
			buildActionMask = 2147483647;
			files = (
				F2582160258A5CAA00B0C68D /* MovieTest.json in Resources */,
				F2582165258A5CB900B0C68D /* MovieDetailsTest.json in Resources */,
			);
			runOnlyForDeploymentPostprocessing = 0;
		};
		F258213E258A5AC700B0C68D /* Resources */ = {
			isa = PBXResourcesBuildPhase;
			buildActionMask = 2147483647;
			files = (
			);
			runOnlyForDeploymentPostprocessing = 0;
		};
/* End PBXResourcesBuildPhase section */

/* Begin PBXSourcesBuildPhase section */
		F258211B258A5AC400B0C68D /* Sources */ = {
			isa = PBXSourcesBuildPhase;
			buildActionMask = 2147483647;
			files = (
				F2582123258A5AC400B0C68D /* AppDelegate.swift in Sources */,
				F2582157258A5B5400B0C68D /* Movies.swift in Sources */,
				F2BFB776258A7BB100EA2448 /* MovieDetailsViewController.swift in Sources */,
				F2BFB75C258A699B00EA2448 /* MovieCollectionViewCell.swift in Sources */,
				F2582125258A5AC400B0C68D /* SceneDelegate.swift in Sources */,
				F2BFB762258A75BC00EA2448 /* CardView.swift in Sources */,
				F2BFB754258A671600EA2448 /* MoviesViewController.swift in Sources */,
				F2BFB796258A866600EA2448 /* MoviesViewModel.swift in Sources */,
				F2BFB79B258A8B5500EA2448 /* MovieDetailsViewModel.swift in Sources */,
				F2BFB791258A853800EA2448 /* MoviesService.swift in Sources */,
				F2BFB770258A7A6C00EA2448 /* RoundedTopImageView.swift in Sources */,
				F2BFB768258A778700EA2448 /* UIImageView+Cache.swift in Sources */,
				F2BFB78C258A847400EA2448 /* Box.swift in Sources */,
			);
			runOnlyForDeploymentPostprocessing = 0;
		};
		F2582131258A5AC700B0C68D /* Sources */ = {
			isa = PBXSourcesBuildPhase;
			buildActionMask = 2147483647;
			files = (
				F258215B258A5B5F00B0C68D /* Movies.swift in Sources */,
				F258213A258A5AC700B0C68D /* TradeRev_MovieDBTests.swift in Sources */,
			);
			runOnlyForDeploymentPostprocessing = 0;
		};
		F258213C258A5AC700B0C68D /* Sources */ = {
			isa = PBXSourcesBuildPhase;
			buildActionMask = 2147483647;
			files = (
				F2582145258A5AC700B0C68D /* TradeRev_MovieDBUITests.swift in Sources */,
			);
			runOnlyForDeploymentPostprocessing = 0;
		};
/* End PBXSourcesBuildPhase section */

/* Begin PBXTargetDependency section */
		F2582137258A5AC700B0C68D /* PBXTargetDependency */ = {
			isa = PBXTargetDependency;
			target = F258211E258A5AC400B0C68D /* TradeRev MovieDB */;
			targetProxy = F2582136258A5AC700B0C68D /* PBXContainerItemProxy */;
		};
		F2582142258A5AC700B0C68D /* PBXTargetDependency */ = {
			isa = PBXTargetDependency;
			target = F258211E258A5AC400B0C68D /* TradeRev MovieDB */;
			targetProxy = F2582141258A5AC700B0C68D /* PBXContainerItemProxy */;
		};
/* End PBXTargetDependency section */

/* Begin PBXVariantGroup section */
		F258212D258A5AC700B0C68D /* LaunchScreen.storyboard */ = {
			isa = PBXVariantGroup;
			children = (
				F258212E258A5AC700B0C68D /* Base */,
			);
			name = LaunchScreen.storyboard;
			sourceTree = "<group>";
		};
/* End PBXVariantGroup section */

/* Begin XCBuildConfiguration section */
		F2582147258A5AC700B0C68D /* Debug */ = {
			isa = XCBuildConfiguration;
			buildSettings = {
				ALWAYS_SEARCH_USER_PATHS = NO;
				CLANG_ANALYZER_NONNULL = YES;
				CLANG_ANALYZER_NUMBER_OBJECT_CONVERSION = YES_AGGRESSIVE;
				CLANG_CXX_LANGUAGE_STANDARD = "gnu++14";
				CLANG_CXX_LIBRARY = "libc++";
				CLANG_ENABLE_MODULES = YES;
				CLANG_ENABLE_OBJC_ARC = YES;
				CLANG_ENABLE_OBJC_WEAK = YES;
				CLANG_WARN_BLOCK_CAPTURE_AUTORELEASING = YES;
				CLANG_WARN_BOOL_CONVERSION = YES;
				CLANG_WARN_COMMA = YES;
				CLANG_WARN_CONSTANT_CONVERSION = YES;
				CLANG_WARN_DEPRECATED_OBJC_IMPLEMENTATIONS = YES;
				CLANG_WARN_DIRECT_OBJC_ISA_USAGE = YES_ERROR;
				CLANG_WARN_DOCUMENTATION_COMMENTS = YES;
				CLANG_WARN_EMPTY_BODY = YES;
				CLANG_WARN_ENUM_CONVERSION = YES;
				CLANG_WARN_INFINITE_RECURSION = YES;
				CLANG_WARN_INT_CONVERSION = YES;
				CLANG_WARN_NON_LITERAL_NULL_CONVERSION = YES;
				CLANG_WARN_OBJC_IMPLICIT_RETAIN_SELF = YES;
				CLANG_WARN_OBJC_LITERAL_CONVERSION = YES;
				CLANG_WARN_OBJC_ROOT_CLASS = YES_ERROR;
				CLANG_WARN_QUOTED_INCLUDE_IN_FRAMEWORK_HEADER = YES;
				CLANG_WARN_RANGE_LOOP_ANALYSIS = YES;
				CLANG_WARN_STRICT_PROTOTYPES = YES;
				CLANG_WARN_SUSPICIOUS_MOVE = YES;
				CLANG_WARN_UNGUARDED_AVAILABILITY = YES_AGGRESSIVE;
				CLANG_WARN_UNREACHABLE_CODE = YES;
				CLANG_WARN__DUPLICATE_METHOD_MATCH = YES;
				COPY_PHASE_STRIP = NO;
				DEBUG_INFORMATION_FORMAT = dwarf;
				ENABLE_STRICT_OBJC_MSGSEND = YES;
				ENABLE_TESTABILITY = YES;
				GCC_C_LANGUAGE_STANDARD = gnu11;
				GCC_DYNAMIC_NO_PIC = NO;
				GCC_NO_COMMON_BLOCKS = YES;
				GCC_OPTIMIZATION_LEVEL = 0;
				GCC_PREPROCESSOR_DEFINITIONS = (
					"DEBUG=1",
					"$(inherited)",
				);
				GCC_WARN_64_TO_32_BIT_CONVERSION = YES;
				GCC_WARN_ABOUT_RETURN_TYPE = YES_ERROR;
				GCC_WARN_UNDECLARED_SELECTOR = YES;
				GCC_WARN_UNINITIALIZED_AUTOS = YES_AGGRESSIVE;
				GCC_WARN_UNUSED_FUNCTION = YES;
				GCC_WARN_UNUSED_VARIABLE = YES;
				IPHONEOS_DEPLOYMENT_TARGET = 14.2;
				MTL_ENABLE_DEBUG_INFO = INCLUDE_SOURCE;
				MTL_FAST_MATH = YES;
				ONLY_ACTIVE_ARCH = YES;
				SDKROOT = iphoneos;
				SWIFT_ACTIVE_COMPILATION_CONDITIONS = DEBUG;
				SWIFT_OPTIMIZATION_LEVEL = "-Onone";
			};
			name = Debug;
		};
		F2582148258A5AC700B0C68D /* Release */ = {
			isa = XCBuildConfiguration;
			buildSettings = {
				ALWAYS_SEARCH_USER_PATHS = NO;
				CLANG_ANALYZER_NONNULL = YES;
				CLANG_ANALYZER_NUMBER_OBJECT_CONVERSION = YES_AGGRESSIVE;
				CLANG_CXX_LANGUAGE_STANDARD = "gnu++14";
				CLANG_CXX_LIBRARY = "libc++";
				CLANG_ENABLE_MODULES = YES;
				CLANG_ENABLE_OBJC_ARC = YES;
				CLANG_ENABLE_OBJC_WEAK = YES;
				CLANG_WARN_BLOCK_CAPTURE_AUTORELEASING = YES;
				CLANG_WARN_BOOL_CONVERSION = YES;
				CLANG_WARN_COMMA = YES;
				CLANG_WARN_CONSTANT_CONVERSION = YES;
				CLANG_WARN_DEPRECATED_OBJC_IMPLEMENTATIONS = YES;
				CLANG_WARN_DIRECT_OBJC_ISA_USAGE = YES_ERROR;
				CLANG_WARN_DOCUMENTATION_COMMENTS = YES;
				CLANG_WARN_EMPTY_BODY = YES;
				CLANG_WARN_ENUM_CONVERSION = YES;
				CLANG_WARN_INFINITE_RECURSION = YES;
				CLANG_WARN_INT_CONVERSION = YES;
				CLANG_WARN_NON_LITERAL_NULL_CONVERSION = YES;
				CLANG_WARN_OBJC_IMPLICIT_RETAIN_SELF = YES;
				CLANG_WARN_OBJC_LITERAL_CONVERSION = YES;
				CLANG_WARN_OBJC_ROOT_CLASS = YES_ERROR;
				CLANG_WARN_QUOTED_INCLUDE_IN_FRAMEWORK_HEADER = YES;
				CLANG_WARN_RANGE_LOOP_ANALYSIS = YES;
				CLANG_WARN_STRICT_PROTOTYPES = YES;
				CLANG_WARN_SUSPICIOUS_MOVE = YES;
				CLANG_WARN_UNGUARDED_AVAILABILITY = YES_AGGRESSIVE;
				CLANG_WARN_UNREACHABLE_CODE = YES;
				CLANG_WARN__DUPLICATE_METHOD_MATCH = YES;
				COPY_PHASE_STRIP = NO;
				DEBUG_INFORMATION_FORMAT = "dwarf-with-dsym";
				ENABLE_NS_ASSERTIONS = NO;
				ENABLE_STRICT_OBJC_MSGSEND = YES;
				GCC_C_LANGUAGE_STANDARD = gnu11;
				GCC_NO_COMMON_BLOCKS = YES;
				GCC_WARN_64_TO_32_BIT_CONVERSION = YES;
				GCC_WARN_ABOUT_RETURN_TYPE = YES_ERROR;
				GCC_WARN_UNDECLARED_SELECTOR = YES;
				GCC_WARN_UNINITIALIZED_AUTOS = YES_AGGRESSIVE;
				GCC_WARN_UNUSED_FUNCTION = YES;
				GCC_WARN_UNUSED_VARIABLE = YES;
				IPHONEOS_DEPLOYMENT_TARGET = 14.2;
				MTL_ENABLE_DEBUG_INFO = NO;
				MTL_FAST_MATH = YES;
				SDKROOT = iphoneos;
				SWIFT_COMPILATION_MODE = wholemodule;
				SWIFT_OPTIMIZATION_LEVEL = "-O";
				VALIDATE_PRODUCT = YES;
			};
			name = Release;
		};
		F258214A258A5AC700B0C68D /* Debug */ = {
			isa = XCBuildConfiguration;
			buildSettings = {
				ASSETCATALOG_COMPILER_APPICON_NAME = AppIcon;
				ASSETCATALOG_COMPILER_GLOBAL_ACCENT_COLOR_NAME = AccentColor;
				CODE_SIGN_STYLE = Automatic;
				DEVELOPMENT_TEAM = 84X6W8F486;
				INFOPLIST_FILE = "TradeRev MovieDB/Info.plist";
				LD_RUNPATH_SEARCH_PATHS = (
					"$(inherited)",
					"@executable_path/Frameworks",
				);
				PRODUCT_BUNDLE_IDENTIFIER = "dev.pianykh.TradeRev-MovieDB";
				PRODUCT_NAME = "$(TARGET_NAME)";
				SWIFT_VERSION = 5.0;
				TARGETED_DEVICE_FAMILY = "1,2";
			};
			name = Debug;
		};
		F258214B258A5AC700B0C68D /* Release */ = {
			isa = XCBuildConfiguration;
			buildSettings = {
				ASSETCATALOG_COMPILER_APPICON_NAME = AppIcon;
				ASSETCATALOG_COMPILER_GLOBAL_ACCENT_COLOR_NAME = AccentColor;
				CODE_SIGN_STYLE = Automatic;
				DEVELOPMENT_TEAM = 84X6W8F486;
				INFOPLIST_FILE = "TradeRev MovieDB/Info.plist";
				LD_RUNPATH_SEARCH_PATHS = (
					"$(inherited)",
					"@executable_path/Frameworks",
				);
				PRODUCT_BUNDLE_IDENTIFIER = "dev.pianykh.TradeRev-MovieDB";
				PRODUCT_NAME = "$(TARGET_NAME)";
				SWIFT_VERSION = 5.0;
				TARGETED_DEVICE_FAMILY = "1,2";
			};
			name = Release;
		};
		F258214D258A5AC700B0C68D /* Debug */ = {
			isa = XCBuildConfiguration;
			buildSettings = {
				ALWAYS_EMBED_SWIFT_STANDARD_LIBRARIES = YES;
				BUNDLE_LOADER = "$(TEST_HOST)";
				CODE_SIGN_STYLE = Automatic;
				DEVELOPMENT_TEAM = 84X6W8F486;
				INFOPLIST_FILE = "TradeRev MovieDBTests/Info.plist";
				IPHONEOS_DEPLOYMENT_TARGET = 14.2;
				LD_RUNPATH_SEARCH_PATHS = (
					"$(inherited)",
					"@executable_path/Frameworks",
					"@loader_path/Frameworks",
				);
				PRODUCT_BUNDLE_IDENTIFIER = "dev.pianykh.TradeRev-MovieDBTests";
				PRODUCT_NAME = "$(TARGET_NAME)";
				SWIFT_VERSION = 5.0;
				TARGETED_DEVICE_FAMILY = "1,2";
				TEST_HOST = "$(BUILT_PRODUCTS_DIR)/TradeRev MovieDB.app/TradeRev MovieDB";
			};
			name = Debug;
		};
		F258214E258A5AC700B0C68D /* Release */ = {
			isa = XCBuildConfiguration;
			buildSettings = {
				ALWAYS_EMBED_SWIFT_STANDARD_LIBRARIES = YES;
				BUNDLE_LOADER = "$(TEST_HOST)";
				CODE_SIGN_STYLE = Automatic;
				DEVELOPMENT_TEAM = 84X6W8F486;
				INFOPLIST_FILE = "TradeRev MovieDBTests/Info.plist";
				IPHONEOS_DEPLOYMENT_TARGET = 14.2;
				LD_RUNPATH_SEARCH_PATHS = (
					"$(inherited)",
					"@executable_path/Frameworks",
					"@loader_path/Frameworks",
				);
				PRODUCT_BUNDLE_IDENTIFIER = "dev.pianykh.TradeRev-MovieDBTests";
				PRODUCT_NAME = "$(TARGET_NAME)";
				SWIFT_VERSION = 5.0;
				TARGETED_DEVICE_FAMILY = "1,2";
				TEST_HOST = "$(BUILT_PRODUCTS_DIR)/TradeRev MovieDB.app/TradeRev MovieDB";
			};
			name = Release;
		};
		F2582150258A5AC700B0C68D /* Debug */ = {
			isa = XCBuildConfiguration;
			buildSettings = {
				ALWAYS_EMBED_SWIFT_STANDARD_LIBRARIES = YES;
				CODE_SIGN_STYLE = Automatic;
				DEVELOPMENT_TEAM = 84X6W8F486;
				INFOPLIST_FILE = "TradeRev MovieDBUITests/Info.plist";
				LD_RUNPATH_SEARCH_PATHS = (
					"$(inherited)",
					"@executable_path/Frameworks",
					"@loader_path/Frameworks",
				);
				PRODUCT_BUNDLE_IDENTIFIER = "dev.pianykh.TradeRev-MovieDBUITests";
				PRODUCT_NAME = "$(TARGET_NAME)";
				SWIFT_VERSION = 5.0;
				TARGETED_DEVICE_FAMILY = "1,2";
				TEST_TARGET_NAME = "TradeRev MovieDB";
			};
			name = Debug;
		};
		F2582151258A5AC700B0C68D /* Release */ = {
			isa = XCBuildConfiguration;
			buildSettings = {
				ALWAYS_EMBED_SWIFT_STANDARD_LIBRARIES = YES;
				CODE_SIGN_STYLE = Automatic;
				DEVELOPMENT_TEAM = 84X6W8F486;
				INFOPLIST_FILE = "TradeRev MovieDBUITests/Info.plist";
				LD_RUNPATH_SEARCH_PATHS = (
					"$(inherited)",
					"@executable_path/Frameworks",
					"@loader_path/Frameworks",
				);
				PRODUCT_BUNDLE_IDENTIFIER = "dev.pianykh.TradeRev-MovieDBUITests";
				PRODUCT_NAME = "$(TARGET_NAME)";
				SWIFT_VERSION = 5.0;
				TARGETED_DEVICE_FAMILY = "1,2";
				TEST_TARGET_NAME = "TradeRev MovieDB";
			};
			name = Release;
		};
/* End XCBuildConfiguration section */

/* Begin XCConfigurationList section */
		F258211A258A5AC400B0C68D /* Build configuration list for PBXProject "TradeRev MovieDB" */ = {
			isa = XCConfigurationList;
			buildConfigurations = (
				F2582147258A5AC700B0C68D /* Debug */,
				F2582148258A5AC700B0C68D /* Release */,
			);
			defaultConfigurationIsVisible = 0;
			defaultConfigurationName = Release;
		};
		F2582149258A5AC700B0C68D /* Build configuration list for PBXNativeTarget "TradeRev MovieDB" */ = {
			isa = XCConfigurationList;
			buildConfigurations = (
				F258214A258A5AC700B0C68D /* Debug */,
				F258214B258A5AC700B0C68D /* Release */,
			);
			defaultConfigurationIsVisible = 0;
			defaultConfigurationName = Release;
		};
		F258214C258A5AC700B0C68D /* Build configuration list for PBXNativeTarget "TradeRev MovieDBTests" */ = {
			isa = XCConfigurationList;
			buildConfigurations = (
				F258214D258A5AC700B0C68D /* Debug */,
				F258214E258A5AC700B0C68D /* Release */,
			);
			defaultConfigurationIsVisible = 0;
			defaultConfigurationName = Release;
		};
		F258214F258A5AC700B0C68D /* Build configuration list for PBXNativeTarget "TradeRev MovieDBUITests" */ = {
			isa = XCConfigurationList;
			buildConfigurations = (
				F2582150258A5AC700B0C68D /* Debug */,
				F2582151258A5AC700B0C68D /* Release */,
			);
			defaultConfigurationIsVisible = 0;
			defaultConfigurationName = Release;
		};
/* End XCConfigurationList section */
	};
	rootObject = F2582117258A5AC400B0C68D /* Project object */;
}
